
Microsoft Visual Studio Solution File, Format Version 12.00
# Visual Studio 15
VisualStudioVersion = 15.0.28307.902
MinimumVisualStudioVersion = 10.0.40219.1
Project("{8BC9CEB8-8B4A-11D0-8D11-00A0C91BC942}") = "八数码", "八数码\八数码.vcxproj", "{D7C64CC4-2DB5-4A1F-BB27-7EE57385642B}"
EndProject
Global
	GlobalSection(SolutionConfigurationPlatforms) = preSolution
		Debug|x64 = Debug|x64
		Debug|x86 = Debug|x86
		Release|x64 = Release|x64
		Release|x86 = Release|x86
	EndGlobalSection
	GlobalSection(ProjectConfigurationPlatforms) = postSolution
		{D7C64CC4-2DB5-4A1F-BB27-7EE57385642B}.Debug|x64.ActiveCfg = Debug|x64
		{D7C64CC4-2DB5-4A1F-BB27-7EE57385642B}.Debug|x64.Build.0 = Debug|x64
		{D7C64CC4-2DB5-4A1F-BB27-7EE57385642B}.Debug|x86.ActiveCfg = Debug|Win32
		{D7C64CC4-2DB5-4A1F-BB27-7EE57385642B}.Debug|x86.Build.0 = Debug|Win32
		{D7C64CC4-2DB5-4A1F-BB27-7EE57385642B}.Release|x64.ActiveCfg = Release|x64
		{D7C64CC4-2DB5-4A1F-BB27-7EE57385642B}.Release|x64.Build.0 = Release|x64
		{D7C64CC4-2DB5-4A1F-BB27-7EE57385642B}.Release|x86.ActiveCfg = Release|Win32
		{D7C64CC4-2DB5-4A1F-BB27-7EE57385642B}.Release|x86.Build.0 = Release|Win32
	EndGlobalSection
	GlobalSection(SolutionProperties) = preSolution
		HideSolutionNode = FALSE
	EndGlobalSection
	GlobalSection(ExtensibilityGlobals) = postSolution
		SolutionGuid = {7E42E11D-C7A0-4D5C-AB11-C3C120CD8696}
	EndGlobalSection
EndGlobal
